// !$*UTF8*$!
{
	archiveVersion = 1;
	classes = {
	};
	objectVersion = 56;
	objects = {

/* Begin PBXBuildFile section */
		3E0CDBB12C1D1B560096CE32 /* WeatherDataUpdateDelegate.swift in Sources */ = {isa = PBXBuildFile; fileRef = 3E0CDBB02C1D1B560096CE32 /* WeatherDataUpdateDelegate.swift */; };
		3E25B6D32BF0A20C00C00263 /* WeatherProvider.swift in Sources */ = {isa = PBXBuildFile; fileRef = 3E25B6D22BF0A20C00C00263 /* WeatherProvider.swift */; };
		3E745A482BD47DA500DF1C3A /* WeatherResponse.swift in Sources */ = {isa = PBXBuildFile; fileRef = 3E745A472BD47DA500DF1C3A /* WeatherResponse.swift */; };
		3E745A4C2BD4DA3400DF1C3A /* WeatherRequest.swift in Sources */ = {isa = PBXBuildFile; fileRef = 3E745A4B2BD4DA3400DF1C3A /* WeatherRequest.swift */; };
		3EB983192BDDFC27000BB424 /* Notification+Name.swift in Sources */ = {isa = PBXBuildFile; fileRef = 3EB983182BDDFC27000BB424 /* Notification+Name.swift */; };
		3EBC9E2F2BF8AEA8005D2CFC /* WeatherProviderTests.swift in Sources */ = {isa = PBXBuildFile; fileRef = 3EBC9E2E2BF8AEA8005D2CFC /* WeatherProviderTests.swift */; };
		3EBC9E312BF8AEC0005D2CFC /* WeatherViewControllerTests.swift in Sources */ = {isa = PBXBuildFile; fileRef = 3EBC9E302BF8AEC0005D2CFC /* WeatherViewControllerTests.swift */; };
		3EBFF0082BDC8C70005F3A9A /* TopViewController.swift in Sources */ = {isa = PBXBuildFile; fileRef = 3EBFF0072BDC8C70005F3A9A /* TopViewController.swift */; };
		3EE45FA82BD1D955009A90C2 /* AppDelegate.swift in Sources */ = {isa = PBXBuildFile; fileRef = 3EE45FA72BD1D955009A90C2 /* AppDelegate.swift */; };
		3EE45FAA2BD1D955009A90C2 /* SceneDelegate.swift in Sources */ = {isa = PBXBuildFile; fileRef = 3EE45FA92BD1D955009A90C2 /* SceneDelegate.swift */; };
		3EE45FAC2BD1D955009A90C2 /* WeatherViewController.swift in Sources */ = {isa = PBXBuildFile; fileRef = 3EE45FAB2BD1D955009A90C2 /* WeatherViewController.swift */; };
		3EE45FAF2BD1D955009A90C2 /* Main.storyboard in Resources */ = {isa = PBXBuildFile; fileRef = 3EE45FAD2BD1D955009A90C2 /* Main.storyboard */; };
		3EE45FB12BD1D957009A90C2 /* Assets.xcassets in Resources */ = {isa = PBXBuildFile; fileRef = 3EE45FB02BD1D957009A90C2 /* Assets.xcassets */; };
		3EE45FB42BD1D957009A90C2 /* LaunchScreen.storyboard in Resources */ = {isa = PBXBuildFile; fileRef = 3EE45FB22BD1D957009A90C2 /* LaunchScreen.storyboard */; };
		3EE45FBF2BD1D957009A90C2 /* Yumemi_TrainingTests.swift in Sources */ = {isa = PBXBuildFile; fileRef = 3EE45FBE2BD1D957009A90C2 /* Yumemi_TrainingTests.swift */; };
		3EE45FC92BD1D957009A90C2 /* Yumemi_TrainingUITests.swift in Sources */ = {isa = PBXBuildFile; fileRef = 3EE45FC82BD1D957009A90C2 /* Yumemi_TrainingUITests.swift */; };
		3EE45FCB2BD1D957009A90C2 /* Yumemi_TrainingUITestsLaunchTests.swift in Sources */ = {isa = PBXBuildFile; fileRef = 3EE45FCA2BD1D957009A90C2 /* Yumemi_TrainingUITestsLaunchTests.swift */; };
		3EE45FD92BD1D999009A90C2 /* YumemiWeather in Frameworks */ = {isa = PBXBuildFile; productRef = 3EE45FD82BD1D999009A90C2 /* YumemiWeather */; };
		4CD246D02030A5D8F6089895 /* Pods_Yumemi_TrainingTests.framework in Frameworks */ = {isa = PBXBuildFile; fileRef = A81AC2A355993A58303D4A6B /* Pods_Yumemi_TrainingTests.framework */; };
		CFA15F0FABD77C7DD1DD407E /* Pods_Yumemi_Training.framework in Frameworks */ = {isa = PBXBuildFile; fileRef = A2741DB8CAED4E49790CF591 /* Pods_Yumemi_Training.framework */; };
		E7417782244FD6D250BC5B6B /* Pods_Yumemi_Training_Yumemi_TrainingUITests.framework in Frameworks */ = {isa = PBXBuildFile; fileRef = 5EBF4F38174BF4150D025C17 /* Pods_Yumemi_Training_Yumemi_TrainingUITests.framework */; };
/* End PBXBuildFile section */

/* Begin PBXContainerItemProxy section */
		3EE45FBB2BD1D957009A90C2 /* PBXContainerItemProxy */ = {
			isa = PBXContainerItemProxy;
			containerPortal = 3EE45F9C2BD1D955009A90C2 /* Project object */;
			proxyType = 1;
			remoteGlobalIDString = 3EE45FA32BD1D955009A90C2;
			remoteInfo = "Yumemi-Training";
		};
		3EE45FC52BD1D957009A90C2 /* PBXContainerItemProxy */ = {
			isa = PBXContainerItemProxy;
			containerPortal = 3EE45F9C2BD1D955009A90C2 /* Project object */;
			proxyType = 1;
			remoteGlobalIDString = 3EE45FA32BD1D955009A90C2;
			remoteInfo = "Yumemi-Training";
		};
/* End PBXContainerItemProxy section */

/* Begin PBXFileReference section */
		3E0CDBB02C1D1B560096CE32 /* WeatherDataUpdateDelegate.swift */ = {isa = PBXFileReference; lastKnownFileType = sourcecode.swift; path = WeatherDataUpdateDelegate.swift; sourceTree = "<group>"; };
		3E25B6D22BF0A20C00C00263 /* WeatherProvider.swift */ = {isa = PBXFileReference; lastKnownFileType = sourcecode.swift; path = WeatherProvider.swift; sourceTree = "<group>"; };
		3E745A472BD47DA500DF1C3A /* WeatherResponse.swift */ = {isa = PBXFileReference; lastKnownFileType = sourcecode.swift; path = WeatherResponse.swift; sourceTree = "<group>"; };
		3E745A4B2BD4DA3400DF1C3A /* WeatherRequest.swift */ = {isa = PBXFileReference; lastKnownFileType = sourcecode.swift; path = WeatherRequest.swift; sourceTree = "<group>"; };
		3EB983182BDDFC27000BB424 /* Notification+Name.swift */ = {isa = PBXFileReference; lastKnownFileType = sourcecode.swift; path = "Notification+Name.swift"; sourceTree = "<group>"; };
		3EBC9E2E2BF8AEA8005D2CFC /* WeatherProviderTests.swift */ = {isa = PBXFileReference; lastKnownFileType = sourcecode.swift; path = WeatherProviderTests.swift; sourceTree = "<group>"; };
		3EBC9E302BF8AEC0005D2CFC /* WeatherViewControllerTests.swift */ = {isa = PBXFileReference; lastKnownFileType = sourcecode.swift; path = WeatherViewControllerTests.swift; sourceTree = "<group>"; };
		3EBFF0072BDC8C70005F3A9A /* TopViewController.swift */ = {isa = PBXFileReference; lastKnownFileType = sourcecode.swift; path = TopViewController.swift; sourceTree = "<group>"; };
		3EE45FA42BD1D955009A90C2 /* Yumemi-Training.app */ = {isa = PBXFileReference; explicitFileType = wrapper.application; includeInIndex = 0; path = "Yumemi-Training.app"; sourceTree = BUILT_PRODUCTS_DIR; };
		3EE45FA72BD1D955009A90C2 /* AppDelegate.swift */ = {isa = PBXFileReference; lastKnownFileType = sourcecode.swift; path = AppDelegate.swift; sourceTree = "<group>"; };
		3EE45FA92BD1D955009A90C2 /* SceneDelegate.swift */ = {isa = PBXFileReference; lastKnownFileType = sourcecode.swift; path = SceneDelegate.swift; sourceTree = "<group>"; };
		3EE45FAB2BD1D955009A90C2 /* WeatherViewController.swift */ = {isa = PBXFileReference; lastKnownFileType = sourcecode.swift; path = WeatherViewController.swift; sourceTree = "<group>"; };
		3EE45FAE2BD1D955009A90C2 /* Base */ = {isa = PBXFileReference; lastKnownFileType = file.storyboard; name = Base; path = Base.lproj/Main.storyboard; sourceTree = "<group>"; };
		3EE45FB02BD1D957009A90C2 /* Assets.xcassets */ = {isa = PBXFileReference; lastKnownFileType = folder.assetcatalog; path = Assets.xcassets; sourceTree = "<group>"; };
		3EE45FB32BD1D957009A90C2 /* Base */ = {isa = PBXFileReference; lastKnownFileType = file.storyboard; name = Base; path = Base.lproj/LaunchScreen.storyboard; sourceTree = "<group>"; };
		3EE45FB52BD1D957009A90C2 /* Info.plist */ = {isa = PBXFileReference; lastKnownFileType = text.plist.xml; path = Info.plist; sourceTree = "<group>"; };
		3EE45FBA2BD1D957009A90C2 /* Yumemi-TrainingTests.xctest */ = {isa = PBXFileReference; explicitFileType = wrapper.cfbundle; includeInIndex = 0; path = "Yumemi-TrainingTests.xctest"; sourceTree = BUILT_PRODUCTS_DIR; };
		3EE45FBE2BD1D957009A90C2 /* Yumemi_TrainingTests.swift */ = {isa = PBXFileReference; lastKnownFileType = sourcecode.swift; path = Yumemi_TrainingTests.swift; sourceTree = "<group>"; };
		3EE45FC42BD1D957009A90C2 /* Yumemi-TrainingUITests.xctest */ = {isa = PBXFileReference; explicitFileType = wrapper.cfbundle; includeInIndex = 0; path = "Yumemi-TrainingUITests.xctest"; sourceTree = BUILT_PRODUCTS_DIR; };
		3EE45FC82BD1D957009A90C2 /* Yumemi_TrainingUITests.swift */ = {isa = PBXFileReference; lastKnownFileType = sourcecode.swift; path = Yumemi_TrainingUITests.swift; sourceTree = "<group>"; };
		3EE45FCA2BD1D957009A90C2 /* Yumemi_TrainingUITestsLaunchTests.swift */ = {isa = PBXFileReference; lastKnownFileType = sourcecode.swift; path = Yumemi_TrainingUITestsLaunchTests.swift; sourceTree = "<group>"; };
		47A32D9D52923AC8546AF8CA /* Pods-Yumemi-Training-Yumemi-TrainingUITests.release.xcconfig */ = {isa = PBXFileReference; includeInIndex = 1; lastKnownFileType = text.xcconfig; name = "Pods-Yumemi-Training-Yumemi-TrainingUITests.release.xcconfig"; path = "Target Support Files/Pods-Yumemi-Training-Yumemi-TrainingUITests/Pods-Yumemi-Training-Yumemi-TrainingUITests.release.xcconfig"; sourceTree = "<group>"; };
		54BC4363F3B3AE4596672D79 /* Pods-Yumemi-TrainingTests.release.xcconfig */ = {isa = PBXFileReference; includeInIndex = 1; lastKnownFileType = text.xcconfig; name = "Pods-Yumemi-TrainingTests.release.xcconfig"; path = "Target Support Files/Pods-Yumemi-TrainingTests/Pods-Yumemi-TrainingTests.release.xcconfig"; sourceTree = "<group>"; };
		5EBF4F38174BF4150D025C17 /* Pods_Yumemi_Training_Yumemi_TrainingUITests.framework */ = {isa = PBXFileReference; explicitFileType = wrapper.framework; includeInIndex = 0; path = Pods_Yumemi_Training_Yumemi_TrainingUITests.framework; sourceTree = BUILT_PRODUCTS_DIR; };
		988AB47F9B859190960D6F77 /* Pods-Yumemi-Training.release.xcconfig */ = {isa = PBXFileReference; includeInIndex = 1; lastKnownFileType = text.xcconfig; name = "Pods-Yumemi-Training.release.xcconfig"; path = "Target Support Files/Pods-Yumemi-Training/Pods-Yumemi-Training.release.xcconfig"; sourceTree = "<group>"; };
		A2741DB8CAED4E49790CF591 /* Pods_Yumemi_Training.framework */ = {isa = PBXFileReference; explicitFileType = wrapper.framework; includeInIndex = 0; path = Pods_Yumemi_Training.framework; sourceTree = BUILT_PRODUCTS_DIR; };
		A81AC2A355993A58303D4A6B /* Pods_Yumemi_TrainingTests.framework */ = {isa = PBXFileReference; explicitFileType = wrapper.framework; includeInIndex = 0; path = Pods_Yumemi_TrainingTests.framework; sourceTree = BUILT_PRODUCTS_DIR; };
		AD19F3B96C1B0B97E307E54C /* Pods-Yumemi-Training-Yumemi-TrainingUITests.debug.xcconfig */ = {isa = PBXFileReference; includeInIndex = 1; lastKnownFileType = text.xcconfig; name = "Pods-Yumemi-Training-Yumemi-TrainingUITests.debug.xcconfig"; path = "Target Support Files/Pods-Yumemi-Training-Yumemi-TrainingUITests/Pods-Yumemi-Training-Yumemi-TrainingUITests.debug.xcconfig"; sourceTree = "<group>"; };
		B845E900996E60D03DBCCF69 /* Pods-Yumemi-Training.debug.xcconfig */ = {isa = PBXFileReference; includeInIndex = 1; lastKnownFileType = text.xcconfig; name = "Pods-Yumemi-Training.debug.xcconfig"; path = "Target Support Files/Pods-Yumemi-Training/Pods-Yumemi-Training.debug.xcconfig"; sourceTree = "<group>"; };
		E6D2EC61281E2D739B836CCE /* Pods-Yumemi-TrainingTests.debug.xcconfig */ = {isa = PBXFileReference; includeInIndex = 1; lastKnownFileType = text.xcconfig; name = "Pods-Yumemi-TrainingTests.debug.xcconfig"; path = "Target Support Files/Pods-Yumemi-TrainingTests/Pods-Yumemi-TrainingTests.debug.xcconfig"; sourceTree = "<group>"; };
/* End PBXFileReference section */

/* Begin PBXFrameworksBuildPhase section */
		3EE45FA12BD1D955009A90C2 /* Frameworks */ = {
			isa = PBXFrameworksBuildPhase;
			buildActionMask = 2147483647;
			files = (
				3EE45FD92BD1D999009A90C2 /* YumemiWeather in Frameworks */,
				CFA15F0FABD77C7DD1DD407E /* Pods_Yumemi_Training.framework in Frameworks */,
			);
			runOnlyForDeploymentPostprocessing = 0;
		};
		3EE45FB72BD1D957009A90C2 /* Frameworks */ = {
			isa = PBXFrameworksBuildPhase;
			buildActionMask = 2147483647;
			files = (
				4CD246D02030A5D8F6089895 /* Pods_Yumemi_TrainingTests.framework in Frameworks */,
			);
			runOnlyForDeploymentPostprocessing = 0;
		};
		3EE45FC12BD1D957009A90C2 /* Frameworks */ = {
			isa = PBXFrameworksBuildPhase;
			buildActionMask = 2147483647;
			files = (
				E7417782244FD6D250BC5B6B /* Pods_Yumemi_Training_Yumemi_TrainingUITests.framework in Frameworks */,
			);
			runOnlyForDeploymentPostprocessing = 0;
		};
/* End PBXFrameworksBuildPhase section */

/* Begin PBXGroup section */
		3E0CDBA92C1D1A4F0096CE32 /* Delegate */ = {
			isa = PBXGroup;
			children = (
				3EE45FA72BD1D955009A90C2 /* AppDelegate.swift */,
				3EE45FA92BD1D955009A90C2 /* SceneDelegate.swift */,
				3E0CDBB02C1D1B560096CE32 /* WeatherDataUpdateDelegate.swift */,
			);
			path = Delegate;
			sourceTree = "<group>";
		};
		3E0CDBAB2C1D1A640096CE32 /* ViewController */ = {
			isa = PBXGroup;
			children = (
				3EE45FAB2BD1D955009A90C2 /* WeatherViewController.swift */,
				3EBFF0072BDC8C70005F3A9A /* TopViewController.swift */,
			);
			path = ViewController;
			sourceTree = "<group>";
		};
		3E0CDBAD2C1D1A8B0096CE32 /* Model */ = {
			isa = PBXGroup;
			children = (
				3E745A472BD47DA500DF1C3A /* WeatherResponse.swift */,
				3E745A4B2BD4DA3400DF1C3A /* WeatherRequest.swift */,
			);
			path = Model;
			sourceTree = "<group>";
		};
		3E0CDBAE2C1D1A980096CE32 /* View */ = {
			isa = PBXGroup;
			children = (
				3EE45FAD2BD1D955009A90C2 /* Main.storyboard */,
				3EE45FB22BD1D957009A90C2 /* LaunchScreen.storyboard */,
			);
			path = View;
			sourceTree = "<group>";
		};
		3E0CDBAF2C1D1AC80096CE32 /* Extensition */ = {
			isa = PBXGroup;
			children = (
				3EB983182BDDFC27000BB424 /* Notification+Name.swift */,
			);
			path = Extensition;
			sourceTree = "<group>";
		};
		3EE45F9B2BD1D955009A90C2 = {
			isa = PBXGroup;
			children = (
				3EE45FA62BD1D955009A90C2 /* Yumemi-Training */,
				3EE45FBD2BD1D957009A90C2 /* Yumemi-TrainingTests */,
				3EE45FC72BD1D957009A90C2 /* Yumemi-TrainingUITests */,
				3EE45FA52BD1D955009A90C2 /* Products */,
				9F19BAE62026CFD85C1E4FDD /* Pods */,
				773D0688099F2DF43B918A1F /* Frameworks */,
			);
			sourceTree = "<group>";
		};
		3EE45FA52BD1D955009A90C2 /* Products */ = {
			isa = PBXGroup;
			children = (
				3EE45FA42BD1D955009A90C2 /* Yumemi-Training.app */,
				3EE45FBA2BD1D957009A90C2 /* Yumemi-TrainingTests.xctest */,
				3EE45FC42BD1D957009A90C2 /* Yumemi-TrainingUITests.xctest */,
			);
			name = Products;
			sourceTree = "<group>";
		};
		3EE45FA62BD1D955009A90C2 /* Yumemi-Training */ = {
			isa = PBXGroup;
			children = (
				3E0CDBAE2C1D1A980096CE32 /* View */,
				3E0CDBAD2C1D1A8B0096CE32 /* Model */,
				3E0CDBAB2C1D1A640096CE32 /* ViewController */,
				3E0CDBA92C1D1A4F0096CE32 /* Delegate */,
				3E0CDBAF2C1D1AC80096CE32 /* Extensition */,
				3EE45FB02BD1D957009A90C2 /* Assets.xcassets */,
				3EE45FB52BD1D957009A90C2 /* Info.plist */,
				3E25B6D22BF0A20C00C00263 /* WeatherProvider.swift */,
			);
			path = "Yumemi-Training";
			sourceTree = "<group>";
		};
		3EE45FBD2BD1D957009A90C2 /* Yumemi-TrainingTests */ = {
			isa = PBXGroup;
			children = (
				3EE45FBE2BD1D957009A90C2 /* Yumemi_TrainingTests.swift */,
				3EBC9E2E2BF8AEA8005D2CFC /* WeatherProviderTests.swift */,
				3EBC9E302BF8AEC0005D2CFC /* WeatherViewControllerTests.swift */,
			);
			path = "Yumemi-TrainingTests";
			sourceTree = "<group>";
		};
		3EE45FC72BD1D957009A90C2 /* Yumemi-TrainingUITests */ = {
			isa = PBXGroup;
			children = (
				3EE45FC82BD1D957009A90C2 /* Yumemi_TrainingUITests.swift */,
				3EE45FCA2BD1D957009A90C2 /* Yumemi_TrainingUITestsLaunchTests.swift */,
			);
			path = "Yumemi-TrainingUITests";
			sourceTree = "<group>";
		};
		773D0688099F2DF43B918A1F /* Frameworks */ = {
			isa = PBXGroup;
			children = (
				A2741DB8CAED4E49790CF591 /* Pods_Yumemi_Training.framework */,
				5EBF4F38174BF4150D025C17 /* Pods_Yumemi_Training_Yumemi_TrainingUITests.framework */,
				A81AC2A355993A58303D4A6B /* Pods_Yumemi_TrainingTests.framework */,
			);
			name = Frameworks;
			sourceTree = "<group>";
		};
		9F19BAE62026CFD85C1E4FDD /* Pods */ = {
			isa = PBXGroup;
			children = (
				B845E900996E60D03DBCCF69 /* Pods-Yumemi-Training.debug.xcconfig */,
				988AB47F9B859190960D6F77 /* Pods-Yumemi-Training.release.xcconfig */,
				AD19F3B96C1B0B97E307E54C /* Pods-Yumemi-Training-Yumemi-TrainingUITests.debug.xcconfig */,
				47A32D9D52923AC8546AF8CA /* Pods-Yumemi-Training-Yumemi-TrainingUITests.release.xcconfig */,
				E6D2EC61281E2D739B836CCE /* Pods-Yumemi-TrainingTests.debug.xcconfig */,
				54BC4363F3B3AE4596672D79 /* Pods-Yumemi-TrainingTests.release.xcconfig */,
			);
			path = Pods;
			sourceTree = "<group>";
		};
/* End PBXGroup section */

/* Begin PBXNativeTarget section */
		3EE45FA32BD1D955009A90C2 /* Yumemi-Training */ = {
			isa = PBXNativeTarget;
			buildConfigurationList = 3EE45FCE2BD1D957009A90C2 /* Build configuration list for PBXNativeTarget "Yumemi-Training" */;
			buildPhases = (
				858E3644151B64F8F50D223B /* [CP] Check Pods Manifest.lock */,
				3EE45FA02BD1D955009A90C2 /* Sources */,
				3EE45FA12BD1D955009A90C2 /* Frameworks */,
				3EE45FA22BD1D955009A90C2 /* Resources */,
			);
			buildRules = (
			);
			dependencies = (
			);
			name = "Yumemi-Training";
			packageProductDependencies = (
				3EE45FD82BD1D999009A90C2 /* YumemiWeather */,
			);
			productName = "Yumemi-Training";
			productReference = 3EE45FA42BD1D955009A90C2 /* Yumemi-Training.app */;
			productType = "com.apple.product-type.application";
		};
		3EE45FB92BD1D957009A90C2 /* Yumemi-TrainingTests */ = {
			isa = PBXNativeTarget;
			buildConfigurationList = 3EE45FD12BD1D957009A90C2 /* Build configuration list for PBXNativeTarget "Yumemi-TrainingTests" */;
			buildPhases = (
				9FB7FB6FFBB8BF3C3BE171F3 /* [CP] Check Pods Manifest.lock */,
				3EE45FB62BD1D957009A90C2 /* Sources */,
				3EE45FB72BD1D957009A90C2 /* Frameworks */,
				3EE45FB82BD1D957009A90C2 /* Resources */,
				A9862A5025D3FD15F12928F9 /* [CP] Embed Pods Frameworks */,
			);
			buildRules = (
			);
			dependencies = (
				3EE45FBC2BD1D957009A90C2 /* PBXTargetDependency */,
			);
			name = "Yumemi-TrainingTests";
			productName = "Yumemi-TrainingTests";
			productReference = 3EE45FBA2BD1D957009A90C2 /* Yumemi-TrainingTests.xctest */;
			productType = "com.apple.product-type.bundle.unit-test";
		};
		3EE45FC32BD1D957009A90C2 /* Yumemi-TrainingUITests */ = {
			isa = PBXNativeTarget;
			buildConfigurationList = 3EE45FD42BD1D957009A90C2 /* Build configuration list for PBXNativeTarget "Yumemi-TrainingUITests" */;
			buildPhases = (
				603567FCDCAC4747690D8677 /* [CP] Check Pods Manifest.lock */,
				3EE45FC02BD1D957009A90C2 /* Sources */,
				3EE45FC12BD1D957009A90C2 /* Frameworks */,
				3EE45FC22BD1D957009A90C2 /* Resources */,
			);
			buildRules = (
			);
			dependencies = (
				3EE45FC62BD1D957009A90C2 /* PBXTargetDependency */,
			);
			name = "Yumemi-TrainingUITests";
			productName = "Yumemi-TrainingUITests";
			productReference = 3EE45FC42BD1D957009A90C2 /* Yumemi-TrainingUITests.xctest */;
			productType = "com.apple.product-type.bundle.ui-testing";
		};
/* End PBXNativeTarget section */

/* Begin PBXProject section */
		3EE45F9C2BD1D955009A90C2 /* Project object */ = {
			isa = PBXProject;
			attributes = {
				BuildIndependentTargetsInParallel = 1;
				LastSwiftUpdateCheck = 1500;
				LastUpgradeCheck = 1500;
				TargetAttributes = {
					3EE45FA32BD1D955009A90C2 = {
						CreatedOnToolsVersion = 15.0;
					};
					3EE45FB92BD1D957009A90C2 = {
						CreatedOnToolsVersion = 15.0;
						TestTargetID = 3EE45FA32BD1D955009A90C2;
					};
					3EE45FC32BD1D957009A90C2 = {
						CreatedOnToolsVersion = 15.0;
						TestTargetID = 3EE45FA32BD1D955009A90C2;
					};
				};
			};
			buildConfigurationList = 3EE45F9F2BD1D955009A90C2 /* Build configuration list for PBXProject "Yumemi-Training" */;
			compatibilityVersion = "Xcode 14.0";
			developmentRegion = en;
			hasScannedForEncodings = 0;
			knownRegions = (
				en,
				Base,
			);
			mainGroup = 3EE45F9B2BD1D955009A90C2;
			packageReferences = (
				3EE45FD72BD1D999009A90C2 /* XCRemoteSwiftPackageReference "ios-training" */,
			);
			productRefGroup = 3EE45FA52BD1D955009A90C2 /* Products */;
			projectDirPath = "";
			projectRoot = "";
			targets = (
				3EE45FA32BD1D955009A90C2 /* Yumemi-Training */,
				3EE45FB92BD1D957009A90C2 /* Yumemi-TrainingTests */,
				3EE45FC32BD1D957009A90C2 /* Yumemi-TrainingUITests */,
			);
		};
/* End PBXProject section */

/* Begin PBXResourcesBuildPhase section */
		3EE45FA22BD1D955009A90C2 /* Resources */ = {
			isa = PBXResourcesBuildPhase;
			buildActionMask = 2147483647;
			files = (
				3EE45FB42BD1D957009A90C2 /* LaunchScreen.storyboard in Resources */,
				3EE45FB12BD1D957009A90C2 /* Assets.xcassets in Resources */,
				3EE45FAF2BD1D955009A90C2 /* Main.storyboard in Resources */,
			);
			runOnlyForDeploymentPostprocessing = 0;
		};
		3EE45FB82BD1D957009A90C2 /* Resources */ = {
			isa = PBXResourcesBuildPhase;
			buildActionMask = 2147483647;
			files = (
			);
			runOnlyForDeploymentPostprocessing = 0;
		};
		3EE45FC22BD1D957009A90C2 /* Resources */ = {
			isa = PBXResourcesBuildPhase;
			buildActionMask = 2147483647;
			files = (
			);
			runOnlyForDeploymentPostprocessing = 0;
		};
/* End PBXResourcesBuildPhase section */

/* Begin PBXShellScriptBuildPhase section */
		603567FCDCAC4747690D8677 /* [CP] Check Pods Manifest.lock */ = {
			isa = PBXShellScriptBuildPhase;
			buildActionMask = 2147483647;
			files = (
			);
			inputFileListPaths = (
			);
			inputPaths = (
				"${PODS_PODFILE_DIR_PATH}/Podfile.lock",
				"${PODS_ROOT}/Manifest.lock",
			);
			name = "[CP] Check Pods Manifest.lock";
			outputFileListPaths = (
			);
			outputPaths = (
				"$(DERIVED_FILE_DIR)/Pods-Yumemi-Training-Yumemi-TrainingUITests-checkManifestLockResult.txt",
			);
			runOnlyForDeploymentPostprocessing = 0;
			shellPath = /bin/sh;
			shellScript = "diff \"${PODS_PODFILE_DIR_PATH}/Podfile.lock\" \"${PODS_ROOT}/Manifest.lock\" > /dev/null\nif [ $? != 0 ] ; then\n    # print error to STDERR\n    echo \"error: The sandbox is not in sync with the Podfile.lock. Run 'pod install' or update your CocoaPods installation.\" >&2\n    exit 1\nfi\n# This output is used by Xcode 'outputs' to avoid re-running this script phase.\necho \"SUCCESS\" > \"${SCRIPT_OUTPUT_FILE_0}\"\n";
			showEnvVarsInLog = 0;
		};
		858E3644151B64F8F50D223B /* [CP] Check Pods Manifest.lock */ = {
			isa = PBXShellScriptBuildPhase;
			buildActionMask = 2147483647;
			files = (
			);
			inputFileListPaths = (
			);
			inputPaths = (
				"${PODS_PODFILE_DIR_PATH}/Podfile.lock",
				"${PODS_ROOT}/Manifest.lock",
			);
			name = "[CP] Check Pods Manifest.lock";
			outputFileListPaths = (
			);
			outputPaths = (
				"$(DERIVED_FILE_DIR)/Pods-Yumemi-Training-checkManifestLockResult.txt",
			);
			runOnlyForDeploymentPostprocessing = 0;
			shellPath = /bin/sh;
			shellScript = "diff \"${PODS_PODFILE_DIR_PATH}/Podfile.lock\" \"${PODS_ROOT}/Manifest.lock\" > /dev/null\nif [ $? != 0 ] ; then\n    # print error to STDERR\n    echo \"error: The sandbox is not in sync with the Podfile.lock. Run 'pod install' or update your CocoaPods installation.\" >&2\n    exit 1\nfi\n# This output is used by Xcode 'outputs' to avoid re-running this script phase.\necho \"SUCCESS\" > \"${SCRIPT_OUTPUT_FILE_0}\"\n";
			showEnvVarsInLog = 0;
		};
		9FB7FB6FFBB8BF3C3BE171F3 /* [CP] Check Pods Manifest.lock */ = {
			isa = PBXShellScriptBuildPhase;
			buildActionMask = 2147483647;
			files = (
			);
			inputFileListPaths = (
			);
			inputPaths = (
				"${PODS_PODFILE_DIR_PATH}/Podfile.lock",
				"${PODS_ROOT}/Manifest.lock",
			);
			name = "[CP] Check Pods Manifest.lock";
			outputFileListPaths = (
			);
			outputPaths = (
				"$(DERIVED_FILE_DIR)/Pods-Yumemi-TrainingTests-checkManifestLockResult.txt",
			);
			runOnlyForDeploymentPostprocessing = 0;
			shellPath = /bin/sh;
			shellScript = "diff \"${PODS_PODFILE_DIR_PATH}/Podfile.lock\" \"${PODS_ROOT}/Manifest.lock\" > /dev/null\nif [ $? != 0 ] ; then\n    # print error to STDERR\n    echo \"error: The sandbox is not in sync with the Podfile.lock. Run 'pod install' or update your CocoaPods installation.\" >&2\n    exit 1\nfi\n# This output is used by Xcode 'outputs' to avoid re-running this script phase.\necho \"SUCCESS\" > \"${SCRIPT_OUTPUT_FILE_0}\"\n";
			showEnvVarsInLog = 0;
		};
		A9862A5025D3FD15F12928F9 /* [CP] Embed Pods Frameworks */ = {
			isa = PBXShellScriptBuildPhase;
			buildActionMask = 2147483647;
			files = (
			);
			inputFileListPaths = (
				"${PODS_ROOT}/Target Support Files/Pods-Yumemi-TrainingTests/Pods-Yumemi-TrainingTests-frameworks-${CONFIGURATION}-input-files.xcfilelist",
			);
			name = "[CP] Embed Pods Frameworks";
			outputFileListPaths = (
				"${PODS_ROOT}/Target Support Files/Pods-Yumemi-TrainingTests/Pods-Yumemi-TrainingTests-frameworks-${CONFIGURATION}-output-files.xcfilelist",
			);
			runOnlyForDeploymentPostprocessing = 0;
			shellPath = /bin/sh;
			shellScript = "\"${PODS_ROOT}/Target Support Files/Pods-Yumemi-TrainingTests/Pods-Yumemi-TrainingTests-frameworks.sh\"\n";
			showEnvVarsInLog = 0;
		};
/* End PBXShellScriptBuildPhase section */

/* Begin PBXSourcesBuildPhase section */
		3EE45FA02BD1D955009A90C2 /* Sources */ = {
			isa = PBXSourcesBuildPhase;
			buildActionMask = 2147483647;
			files = (
				3EBFF0082BDC8C70005F3A9A /* TopViewController.swift in Sources */,
				3E745A482BD47DA500DF1C3A /* WeatherResponse.swift in Sources */,
				3EE45FAC2BD1D955009A90C2 /* WeatherViewController.swift in Sources */,
				3E25B6D32BF0A20C00C00263 /* WeatherProvider.swift in Sources */,
				3EE45FA82BD1D955009A90C2 /* AppDelegate.swift in Sources */,
				3E0CDBB12C1D1B560096CE32 /* WeatherDataUpdateDelegate.swift in Sources */,
				3EB983192BDDFC27000BB424 /* Notification+Name.swift in Sources */,
				3E745A4C2BD4DA3400DF1C3A /* WeatherRequest.swift in Sources */,
				3EE45FAA2BD1D955009A90C2 /* SceneDelegate.swift in Sources */,
			);
			runOnlyForDeploymentPostprocessing = 0;
		};
		3EE45FB62BD1D957009A90C2 /* Sources */ = {
			isa = PBXSourcesBuildPhase;
			buildActionMask = 2147483647;
			files = (
				3EBC9E312BF8AEC0005D2CFC /* WeatherViewControllerTests.swift in Sources */,
				3EE45FBF2BD1D957009A90C2 /* Yumemi_TrainingTests.swift in Sources */,
				3EBC9E2F2BF8AEA8005D2CFC /* WeatherProviderTests.swift in Sources */,
			);
			runOnlyForDeploymentPostprocessing = 0;
		};
		3EE45FC02BD1D957009A90C2 /* Sources */ = {
			isa = PBXSourcesBuildPhase;
			buildActionMask = 2147483647;
			files = (
				3EE45FCB2BD1D957009A90C2 /* Yumemi_TrainingUITestsLaunchTests.swift in Sources */,
				3EE45FC92BD1D957009A90C2 /* Yumemi_TrainingUITests.swift in Sources */,
			);
			runOnlyForDeploymentPostprocessing = 0;
		};
/* End PBXSourcesBuildPhase section */

/* Begin PBXTargetDependency section */
		3EE45FBC2BD1D957009A90C2 /* PBXTargetDependency */ = {
			isa = PBXTargetDependency;
			target = 3EE45FA32BD1D955009A90C2 /* Yumemi-Training */;
			targetProxy = 3EE45FBB2BD1D957009A90C2 /* PBXContainerItemProxy */;
		};
		3EE45FC62BD1D957009A90C2 /* PBXTargetDependency */ = {
			isa = PBXTargetDependency;
			target = 3EE45FA32BD1D955009A90C2 /* Yumemi-Training */;
			targetProxy = 3EE45FC52BD1D957009A90C2 /* PBXContainerItemProxy */;
		};
/* End PBXTargetDependency section */

/* Begin PBXVariantGroup section */
		3EE45FAD2BD1D955009A90C2 /* Main.storyboard */ = {
			isa = PBXVariantGroup;
			children = (
				3EE45FAE2BD1D955009A90C2 /* Base */,
			);
			name = Main.storyboard;
			sourceTree = "<group>";
		};
		3EE45FB22BD1D957009A90C2 /* LaunchScreen.storyboard */ = {
			isa = PBXVariantGroup;
			children = (
				3EE45FB32BD1D957009A90C2 /* Base */,
			);
			name = LaunchScreen.storyboard;
			sourceTree = "<group>";
		};
/* End PBXVariantGroup section */

/* Begin XCBuildConfiguration section */
		3EE45FCC2BD1D957009A90C2 /* Debug */ = {
			isa = XCBuildConfiguration;
			buildSettings = {
				ALWAYS_SEARCH_USER_PATHS = NO;
				ASSETCATALOG_COMPILER_GENERATE_SWIFT_ASSET_SYMBOL_EXTENSIONS = YES;
				CLANG_ANALYZER_NONNULL = YES;
				CLANG_ANALYZER_NUMBER_OBJECT_CONVERSION = YES_AGGRESSIVE;
				CLANG_CXX_LANGUAGE_STANDARD = "gnu++20";
				CLANG_ENABLE_MODULES = YES;
				CLANG_ENABLE_OBJC_ARC = YES;
				CLANG_ENABLE_OBJC_WEAK = YES;
				CLANG_WARN_BLOCK_CAPTURE_AUTORELEASING = YES;
				CLANG_WARN_BOOL_CONVERSION = YES;
				CLANG_WARN_COMMA = YES;
				CLANG_WARN_CONSTANT_CONVERSION = YES;
				CLANG_WARN_DEPRECATED_OBJC_IMPLEMENTATIONS = YES;
				CLANG_WARN_DIRECT_OBJC_ISA_USAGE = YES_ERROR;
				CLANG_WARN_DOCUMENTATION_COMMENTS = YES;
				CLANG_WARN_EMPTY_BODY = YES;
				CLANG_WARN_ENUM_CONVERSION = YES;
				CLANG_WARN_INFINITE_RECURSION = YES;
				CLANG_WARN_INT_CONVERSION = YES;
				CLANG_WARN_NON_LITERAL_NULL_CONVERSION = YES;
				CLANG_WARN_OBJC_IMPLICIT_RETAIN_SELF = YES;
				CLANG_WARN_OBJC_LITERAL_CONVERSION = YES;
				CLANG_WARN_OBJC_ROOT_CLASS = YES_ERROR;
				CLANG_WARN_QUOTED_INCLUDE_IN_FRAMEWORK_HEADER = YES;
				CLANG_WARN_RANGE_LOOP_ANALYSIS = YES;
				CLANG_WARN_STRICT_PROTOTYPES = YES;
				CLANG_WARN_SUSPICIOUS_MOVE = YES;
				CLANG_WARN_UNGUARDED_AVAILABILITY = YES_AGGRESSIVE;
				CLANG_WARN_UNREACHABLE_CODE = YES;
				CLANG_WARN__DUPLICATE_METHOD_MATCH = YES;
				COPY_PHASE_STRIP = NO;
				DEBUG_INFORMATION_FORMAT = dwarf;
				ENABLE_STRICT_OBJC_MSGSEND = YES;
				ENABLE_TESTABILITY = YES;
				ENABLE_USER_SCRIPT_SANDBOXING = NO;
				GCC_C_LANGUAGE_STANDARD = gnu17;
				GCC_DYNAMIC_NO_PIC = NO;
				GCC_NO_COMMON_BLOCKS = YES;
				GCC_OPTIMIZATION_LEVEL = 0;
				GCC_PREPROCESSOR_DEFINITIONS = (
					"DEBUG=1",
					"$(inherited)",
				);
				GCC_WARN_64_TO_32_BIT_CONVERSION = YES;
				GCC_WARN_ABOUT_RETURN_TYPE = YES_ERROR;
				GCC_WARN_UNDECLARED_SELECTOR = YES;
				GCC_WARN_UNINITIALIZED_AUTOS = YES_AGGRESSIVE;
				GCC_WARN_UNUSED_FUNCTION = YES;
				GCC_WARN_UNUSED_VARIABLE = YES;
				IPHONEOS_DEPLOYMENT_TARGET = 17.0;
				LOCALIZATION_PREFERS_STRING_CATALOGS = YES;
				MTL_ENABLE_DEBUG_INFO = INCLUDE_SOURCE;
				MTL_FAST_MATH = YES;
				ONLY_ACTIVE_ARCH = YES;
				SDKROOT = iphoneos;
				SWIFT_ACTIVE_COMPILATION_CONDITIONS = "DEBUG $(inherited)";
				SWIFT_OPTIMIZATION_LEVEL = "-Onone";
			};
			name = Debug;
		};
		3EE45FCD2BD1D957009A90C2 /* Release */ = {
			isa = XCBuildConfiguration;
			buildSettings = {
				ALWAYS_SEARCH_USER_PATHS = NO;
				ASSETCATALOG_COMPILER_GENERATE_SWIFT_ASSET_SYMBOL_EXTENSIONS = YES;
				CLANG_ANALYZER_NONNULL = YES;
				CLANG_ANALYZER_NUMBER_OBJECT_CONVERSION = YES_AGGRESSIVE;
				CLANG_CXX_LANGUAGE_STANDARD = "gnu++20";
				CLANG_ENABLE_MODULES = YES;
				CLANG_ENABLE_OBJC_ARC = YES;
				CLANG_ENABLE_OBJC_WEAK = YES;
				CLANG_WARN_BLOCK_CAPTURE_AUTORELEASING = YES;
				CLANG_WARN_BOOL_CONVERSION = YES;
				CLANG_WARN_COMMA = YES;
				CLANG_WARN_CONSTANT_CONVERSION = YES;
				CLANG_WARN_DEPRECATED_OBJC_IMPLEMENTATIONS = YES;
				CLANG_WARN_DIRECT_OBJC_ISA_USAGE = YES_ERROR;
				CLANG_WARN_DOCUMENTATION_COMMENTS = YES;
				CLANG_WARN_EMPTY_BODY = YES;
				CLANG_WARN_ENUM_CONVERSION = YES;
				CLANG_WARN_INFINITE_RECURSION = YES;
				CLANG_WARN_INT_CONVERSION = YES;
				CLANG_WARN_NON_LITERAL_NULL_CONVERSION = YES;
				CLANG_WARN_OBJC_IMPLICIT_RETAIN_SELF = YES;
				CLANG_WARN_OBJC_LITERAL_CONVERSION = YES;
				CLANG_WARN_OBJC_ROOT_CLASS = YES_ERROR;
				CLANG_WARN_QUOTED_INCLUDE_IN_FRAMEWORK_HEADER = YES;
				CLANG_WARN_RANGE_LOOP_ANALYSIS = YES;
				CLANG_WARN_STRICT_PROTOTYPES = YES;
				CLANG_WARN_SUSPICIOUS_MOVE = YES;
				CLANG_WARN_UNGUARDED_AVAILABILITY = YES_AGGRESSIVE;
				CLANG_WARN_UNREACHABLE_CODE = YES;
				CLANG_WARN__DUPLICATE_METHOD_MATCH = YES;
				COPY_PHASE_STRIP = NO;
				DEBUG_INFORMATION_FORMAT = "dwarf-with-dsym";
				ENABLE_NS_ASSERTIONS = NO;
				ENABLE_STRICT_OBJC_MSGSEND = YES;
				ENABLE_USER_SCRIPT_SANDBOXING = NO;
				GCC_C_LANGUAGE_STANDARD = gnu17;
				GCC_NO_COMMON_BLOCKS = YES;
				GCC_WARN_64_TO_32_BIT_CONVERSION = YES;
				GCC_WARN_ABOUT_RETURN_TYPE = YES_ERROR;
				GCC_WARN_UNDECLARED_SELECTOR = YES;
				GCC_WARN_UNINITIALIZED_AUTOS = YES_AGGRESSIVE;
				GCC_WARN_UNUSED_FUNCTION = YES;
				GCC_WARN_UNUSED_VARIABLE = YES;
				IPHONEOS_DEPLOYMENT_TARGET = 17.0;
				LOCALIZATION_PREFERS_STRING_CATALOGS = YES;
				MTL_ENABLE_DEBUG_INFO = NO;
				MTL_FAST_MATH = YES;
				SDKROOT = iphoneos;
				SWIFT_COMPILATION_MODE = wholemodule;
				VALIDATE_PRODUCT = YES;
			};
			name = Release;
		};
		3EE45FCF2BD1D957009A90C2 /* Debug */ = {
			isa = XCBuildConfiguration;
			baseConfigurationReference = B845E900996E60D03DBCCF69 /* Pods-Yumemi-Training.debug.xcconfig */;
			buildSettings = {
				ASSETCATALOG_COMPILER_APPICON_NAME = AppIcon;
				ASSETCATALOG_COMPILER_GLOBAL_ACCENT_COLOR_NAME = AccentColor;
				CODE_SIGN_STYLE = Automatic;
				CURRENT_PROJECT_VERSION = 1;
				DEVELOPMENT_TEAM = 7FHY9673Y8;
				GENERATE_INFOPLIST_FILE = YES;
				INFOPLIST_FILE = "Yumemi-Training/Info.plist";
				INFOPLIST_KEY_UIApplicationSupportsIndirectInputEvents = YES;
				INFOPLIST_KEY_UILaunchStoryboardName = LaunchScreen;
				INFOPLIST_KEY_UIMainStoryboardFile = Main;
				INFOPLIST_KEY_UISupportedInterfaceOrientations_iPad = "UIInterfaceOrientationPortrait UIInterfaceOrientationPortraitUpsideDown UIInterfaceOrientationLandscapeLeft UIInterfaceOrientationLandscapeRight";
				INFOPLIST_KEY_UISupportedInterfaceOrientations_iPhone = "UIInterfaceOrientationPortrait UIInterfaceOrientationLandscapeLeft UIInterfaceOrientationLandscapeRight";
				LD_RUNPATH_SEARCH_PATHS = (
					"$(inherited)",
					"@executable_path/Frameworks",
				);
				MARKETING_VERSION = 1.0;
				PRODUCT_BUNDLE_IDENTIFIER = "Yasunari.Osakabe.Yumemi-Training";
				PRODUCT_NAME = "$(TARGET_NAME)";
				SWIFT_EMIT_LOC_STRINGS = YES;
				SWIFT_VERSION = 5.0;
				TARGETED_DEVICE_FAMILY = "1,2";
			};
			name = Debug;
		};
		3EE45FD02BD1D957009A90C2 /* Release */ = {
			isa = XCBuildConfiguration;
			baseConfigurationReference = 988AB47F9B859190960D6F77 /* Pods-Yumemi-Training.release.xcconfig */;
			buildSettings = {
				ASSETCATALOG_COMPILER_APPICON_NAME = AppIcon;
				ASSETCATALOG_COMPILER_GLOBAL_ACCENT_COLOR_NAME = AccentColor;
				CODE_SIGN_STYLE = Automatic;
				CURRENT_PROJECT_VERSION = 1;
				DEVELOPMENT_TEAM = 7FHY9673Y8;
				GENERATE_INFOPLIST_FILE = YES;
				INFOPLIST_FILE = "Yumemi-Training/Info.plist";
				INFOPLIST_KEY_UIApplicationSupportsIndirectInputEvents = YES;
				INFOPLIST_KEY_UILaunchStoryboardName = LaunchScreen;
				INFOPLIST_KEY_UIMainStoryboardFile = Main;
				INFOPLIST_KEY_UISupportedInterfaceOrientations_iPad = "UIInterfaceOrientationPortrait UIInterfaceOrientationPortraitUpsideDown UIInterfaceOrientationLandscapeLeft UIInterfaceOrientationLandscapeRight";
				INFOPLIST_KEY_UISupportedInterfaceOrientations_iPhone = "UIInterfaceOrientationPortrait UIInterfaceOrientationLandscapeLeft UIInterfaceOrientationLandscapeRight";
				LD_RUNPATH_SEARCH_PATHS = (
					"$(inherited)",
					"@executable_path/Frameworks",
				);
				MARKETING_VERSION = 1.0;
				PRODUCT_BUNDLE_IDENTIFIER = "Yasunari.Osakabe.Yumemi-Training";
				PRODUCT_NAME = "$(TARGET_NAME)";
				SWIFT_EMIT_LOC_STRINGS = YES;
				SWIFT_VERSION = 5.0;
				TARGETED_DEVICE_FAMILY = "1,2";
			};
			name = Release;
		};
		3EE45FD22BD1D957009A90C2 /* Debug */ = {
			isa = XCBuildConfiguration;
			baseConfigurationReference = E6D2EC61281E2D739B836CCE /* Pods-Yumemi-TrainingTests.debug.xcconfig */;
			buildSettings = {
				ALWAYS_EMBED_SWIFT_STANDARD_LIBRARIES = YES;
				BUNDLE_LOADER = "$(TEST_HOST)";
				CODE_SIGN_STYLE = Automatic;
				CURRENT_PROJECT_VERSION = 1;
				DEVELOPMENT_TEAM = 7FHY9673Y8;
				GENERATE_INFOPLIST_FILE = YES;
				IPHONEOS_DEPLOYMENT_TARGET = 17.0;
				MARKETING_VERSION = 1.0;
				PRODUCT_BUNDLE_IDENTIFIER = "Yasunari.Osakabe.Yumemi-TrainingTests";
				PRODUCT_NAME = "$(TARGET_NAME)";
				SWIFT_EMIT_LOC_STRINGS = NO;
				SWIFT_VERSION = 5.0;
				TARGETED_DEVICE_FAMILY = "1,2";
				TEST_HOST = "$(BUILT_PRODUCTS_DIR)/Yumemi-Training.app/$(BUNDLE_EXECUTABLE_FOLDER_PATH)/Yumemi-Training";
			};
			name = Debug;
		};
		3EE45FD32BD1D957009A90C2 /* Release */ = {
			isa = XCBuildConfiguration;
			baseConfigurationReference = 54BC4363F3B3AE4596672D79 /* Pods-Yumemi-TrainingTests.release.xcconfig */;
			buildSettings = {
				ALWAYS_EMBED_SWIFT_STANDARD_LIBRARIES = YES;
				BUNDLE_LOADER = "$(TEST_HOST)";
				CODE_SIGN_STYLE = Automatic;
				CURRENT_PROJECT_VERSION = 1;
				DEVELOPMENT_TEAM = 7FHY9673Y8;
				GENERATE_INFOPLIST_FILE = YES;
				IPHONEOS_DEPLOYMENT_TARGET = 17.0;
				MARKETING_VERSION = 1.0;
				PRODUCT_BUNDLE_IDENTIFIER = "Yasunari.Osakabe.Yumemi-TrainingTests";
				PRODUCT_NAME = "$(TARGET_NAME)";
				SWIFT_EMIT_LOC_STRINGS = NO;
				SWIFT_VERSION = 5.0;
				TARGETED_DEVICE_FAMILY = "1,2";
				TEST_HOST = "$(BUILT_PRODUCTS_DIR)/Yumemi-Training.app/$(BUNDLE_EXECUTABLE_FOLDER_PATH)/Yumemi-Training";
			};
			name = Release;
		};
		3EE45FD52BD1D957009A90C2 /* Debug */ = {
			isa = XCBuildConfiguration;
			baseConfigurationReference = AD19F3B96C1B0B97E307E54C /* Pods-Yumemi-Training-Yumemi-TrainingUITests.debug.xcconfig */;
			buildSettings = {
				ALWAYS_EMBED_SWIFT_STANDARD_LIBRARIES = YES;
				CODE_SIGN_STYLE = Automatic;
				CURRENT_PROJECT_VERSION = 1;
				DEVELOPMENT_TEAM = 7FHY9673Y8;
				GENERATE_INFOPLIST_FILE = YES;
				MARKETING_VERSION = 1.0;
				PRODUCT_BUNDLE_IDENTIFIER = "Yasunari.Osakabe.Yumemi-TrainingUITests";
				PRODUCT_NAME = "$(TARGET_NAME)";
				SWIFT_EMIT_LOC_STRINGS = NO;
				SWIFT_VERSION = 5.0;
				TARGETED_DEVICE_FAMILY = "1,2";
				TEST_TARGET_NAME = "Yumemi-Training";
			};
			name = Debug;
		};
		3EE45FD62BD1D957009A90C2 /* Release */ = {
			isa = XCBuildConfiguration;
			baseConfigurationReference = 47A32D9D52923AC8546AF8CA /* Pods-Yumemi-Training-Yumemi-TrainingUITests.release.xcconfig */;
			buildSettings = {
				ALWAYS_EMBED_SWIFT_STANDARD_LIBRARIES = YES;
				CODE_SIGN_STYLE = Automatic;
				CURRENT_PROJECT_VERSION = 1;
				DEVELOPMENT_TEAM = 7FHY9673Y8;
				GENERATE_INFOPLIST_FILE = YES;
				MARKETING_VERSION = 1.0;
				PRODUCT_BUNDLE_IDENTIFIER = "Yasunari.Osakabe.Yumemi-TrainingUITests";
				PRODUCT_NAME = "$(TARGET_NAME)";
				SWIFT_EMIT_LOC_STRINGS = NO;
				SWIFT_VERSION = 5.0;
				TARGETED_DEVICE_FAMILY = "1,2";
				TEST_TARGET_NAME = "Yumemi-Training";
			};
			name = Release;
		};
/* End XCBuildConfiguration section */

/* Begin XCConfigurationList section */
		3EE45F9F2BD1D955009A90C2 /* Build configuration list for PBXProject "Yumemi-Training" */ = {
			isa = XCConfigurationList;
			buildConfigurations = (
				3EE45FCC2BD1D957009A90C2 /* Debug */,
				3EE45FCD2BD1D957009A90C2 /* Release */,
			);
			defaultConfigurationIsVisible = 0;
			defaultConfigurationName = Release;
		};
		3EE45FCE2BD1D957009A90C2 /* Build configuration list for PBXNativeTarget "Yumemi-Training" */ = {
			isa = XCConfigurationList;
			buildConfigurations = (
				3EE45FCF2BD1D957009A90C2 /* Debug */,
				3EE45FD02BD1D957009A90C2 /* Release */,
			);
			defaultConfigurationIsVisible = 0;
			defaultConfigurationName = Release;
		};
		3EE45FD12BD1D957009A90C2 /* Build configuration list for PBXNativeTarget "Yumemi-TrainingTests" */ = {
			isa = XCConfigurationList;
			buildConfigurations = (
				3EE45FD22BD1D957009A90C2 /* Debug */,
				3EE45FD32BD1D957009A90C2 /* Release */,
			);
			defaultConfigurationIsVisible = 0;
			defaultConfigurationName = Release;
		};
		3EE45FD42BD1D957009A90C2 /* Build configuration list for PBXNativeTarget "Yumemi-TrainingUITests" */ = {
			isa = XCConfigurationList;
			buildConfigurations = (
				3EE45FD52BD1D957009A90C2 /* Debug */,
				3EE45FD62BD1D957009A90C2 /* Release */,
			);
			defaultConfigurationIsVisible = 0;
			defaultConfigurationName = Release;
		};
/* End XCConfigurationList section */

/* Begin XCRemoteSwiftPackageReference section */
		3EE45FD72BD1D999009A90C2 /* XCRemoteSwiftPackageReference "ios-training" */ = {
			isa = XCRemoteSwiftPackageReference;
			repositoryURL = "https://github.com/yumemi-inc/ios-training.git";
			requirement = {
				branch = main;
				kind = branch;
			};
		};
/* End XCRemoteSwiftPackageReference section */

/* Begin XCSwiftPackageProductDependency section */
		3EE45FD82BD1D999009A90C2 /* YumemiWeather */ = {
			isa = XCSwiftPackageProductDependency;
			package = 3EE45FD72BD1D999009A90C2 /* XCRemoteSwiftPackageReference "ios-training" */;
			productName = YumemiWeather;
		};
/* End XCSwiftPackageProductDependency section */
	};
	rootObject = 3EE45F9C2BD1D955009A90C2 /* Project object */;
}
